
Microsoft Visual Studio Solution File, Format Version 12.00
# Visual Studio Version 17
VisualStudioVersion = 17.8.34330.188
MinimumVisualStudioVersion = 10.0.40219.1
Project("{FAE04EC0-301F-11D3-BF4B-00C04F79EFBC}") = "BROMOBARU", "BROMOBARU\BROMOBARU.csproj", "{D803203F-1D1A-4A78-9BF1-2FC04AF00366}"
EndProject
Global
	GlobalSection(SolutionConfigurationPlatforms) = preSolution
		Debug|Any CPU = Debug|Any CPU
		Release|Any CPU = Release|Any CPU
	EndGlobalSection
	GlobalSection(ProjectConfigurationPlatforms) = postSolution
		{D803203F-1D1A-4A78-9BF1-2FC04AF00366}.Debug|Any CPU.ActiveCfg = Debug|Any CPU
		{D803203F-1D1A-4A78-9BF1-2FC04AF00366}.Debug|Any CPU.Build.0 = Debug|Any CPU
		{D803203F-1D1A-4A78-9BF1-2FC04AF00366}.Release|Any CPU.ActiveCfg = Release|Any CPU
		{D803203F-1D1A-4A78-9BF1-2FC04AF00366}.Release|Any CPU.Build.0 = Release|Any CPU
	EndGlobalSection
	GlobalSection(SolutionProperties) = preSolution
		HideSolutionNode = FALSE
	EndGlobalSection
	GlobalSection(ExtensibilityGlobals) = postSolution
		SolutionGuid = {BA274B61-DD27-4397-B55B-F4F3FAB9F482}
	EndGlobalSection
EndGlobal
